%{"certifi": {:hex, :certifi, "2.0.0"},
  "earmark": {:hex, :earmark, "1.2.3"},
  "ex_doc": {:hex, :ex_doc, "0.16.3"},
  "floki": {:hex, :floki, "0.18.0"},
  "hackney": {:hex, :hackney, "1.9.0"},
  "httpoison": {:hex, :httpoison, "0.13.0"},
  "idna": {:hex, :idna, "5.1.0"},
  "meck": {:hex, :meck, "0.8.7"},
  "metrics": {:hex, :metrics, "1.0.1"},
  "mimerl": {:hex, :mimerl, "1.0.2"},
  "mochiweb": {:hex, :mochiweb, "2.15.0"},
  "mock": {:hex, :mock, "0.3.0"},
  "ssl_verify_fun": {:hex, :ssl_verify_fun, "1.1.1"},
  "unicode_util_compat": {:hex, :unicode_util_compat, "0.3.1"}}
